
Microsoft Visual Studio Solution File, Format Version 12.00
# Visual Studio Version 17
VisualStudioVersion = 17.2.32630.192
MinimumVisualStudioVersion = 10.0.40219.1
Project("{FAE04EC0-301F-11D3-BF4B-00C04F79EFBC}") = "DataTypes", "DataTypes\DataTypes.csproj", "{2DDBD1BB-0BC6-4CBE-A40F-C09E183C56D4}"
EndProject
Project("{FAE04EC0-301F-11D3-BF4B-00C04F79EFBC}") = "IfElseSwitchLoops", "IfElseSwitchLoops\IfElseSwitchLoops.csproj", "{AB73F82B-7913-497D-A160-FF508281E475}"
EndProject
Project("{FAE04EC0-301F-11D3-BF4B-00C04F79EFBC}") = "Arrays", "Arrays\Arrays.csproj", "{1277FA28-8667-4B65-85AE-A90FF82D452C}"
EndProject
Global
	GlobalSection(SolutionConfigurationPlatforms) = preSolution
		Debug|Any CPU = Debug|Any CPU
		Release|Any CPU = Release|Any CPU
	EndGlobalSection
	GlobalSection(ProjectConfigurationPlatforms) = postSolution
		{2DDBD1BB-0BC6-4CBE-A40F-C09E183C56D4}.Debug|Any CPU.ActiveCfg = Debug|Any CPU
		{2DDBD1BB-0BC6-4CBE-A40F-C09E183C56D4}.Debug|Any CPU.Build.0 = Debug|Any CPU
		{2DDBD1BB-0BC6-4CBE-A40F-C09E183C56D4}.Release|Any CPU.ActiveCfg = Release|Any CPU
		{2DDBD1BB-0BC6-4CBE-A40F-C09E183C56D4}.Release|Any CPU.Build.0 = Release|Any CPU
		{AB73F82B-7913-497D-A160-FF508281E475}.Debug|Any CPU.ActiveCfg = Debug|Any CPU
		{AB73F82B-7913-497D-A160-FF508281E475}.Debug|Any CPU.Build.0 = Debug|Any CPU
		{AB73F82B-7913-497D-A160-FF508281E475}.Release|Any CPU.ActiveCfg = Release|Any CPU
		{AB73F82B-7913-497D-A160-FF508281E475}.Release|Any CPU.Build.0 = Release|Any CPU
		{1277FA28-8667-4B65-85AE-A90FF82D452C}.Debug|Any CPU.ActiveCfg = Debug|Any CPU
		{1277FA28-8667-4B65-85AE-A90FF82D452C}.Debug|Any CPU.Build.0 = Debug|Any CPU
		{1277FA28-8667-4B65-85AE-A90FF82D452C}.Release|Any CPU.ActiveCfg = Release|Any CPU
		{1277FA28-8667-4B65-85AE-A90FF82D452C}.Release|Any CPU.Build.0 = Release|Any CPU
	EndGlobalSection
	GlobalSection(SolutionProperties) = preSolution
		HideSolutionNode = FALSE
	EndGlobalSection
	GlobalSection(ExtensibilityGlobals) = postSolution
		SolutionGuid = {E2FD495D-660A-414D-A220-2F3F85A09541}
	EndGlobalSection
EndGlobal
